
Microsoft Visual Studio Solution File, Format Version 12.00
# Visual Studio Version 17
VisualStudioVersion = 17.3.32922.545
MinimumVisualStudioVersion = 10.0.40219.1
Project("{9A19103F-16F7-4668-BE54-9A1E7A4F7556}") = "Client", "Client\Client.csproj", "{675615A2-1D9F-4314-A5C5-1E9BDA58A27E}"
EndProject
Project("{2150E333-8FDC-42A3-9474-1A3956D46DE8}") = "Presentation", "Presentation", "{D9415E7B-B18A-4770-BE71-581DAB6BF12D}"
EndProject
Project("{2150E333-8FDC-42A3-9474-1A3956D46DE8}") = "Core", "Core", "{59CD6463-71DD-4D6D-9C19-628B63FF1670}"
EndProject
Project("{2150E333-8FDC-42A3-9474-1A3956D46DE8}") = "Base", "Base", "{134BBFA0-19FF-4F31-8558-EB800C8AE03C}"
EndProject
Project("{2150E333-8FDC-42A3-9474-1A3956D46DE8}") = "Freelance", "Freelance", "{C1C7F0B7-7CB3-4C69-A4D9-33CB537DF9C5}"
EndProject
Project("{2150E333-8FDC-42A3-9474-1A3956D46DE8}") = "Users", "Users", "{4269C777-19FD-4D43-8526-2CDD23F3B346}"
EndProject
Project("{2150E333-8FDC-42A3-9474-1A3956D46DE8}") = "Messaging", "Messaging", "{1E97C57A-D5BA-44A8-9CA1-339DE691B1EB}"
EndProject
Project("{2150E333-8FDC-42A3-9474-1A3956D46DE8}") = "Utils", "Utils", "{B1FC5B6D-D8EE-428F-9E3C-FCB3D2C5745D}"
EndProject
Project("{9A19103F-16F7-4668-BE54-9A1E7A4F7556}") = "Utils", "Utils\Utils.csproj", "{5F502769-CEB4-442B-8BB2-D0A4CE3FEBFC}"
EndProject
Project("{9A19103F-16F7-4668-BE54-9A1E7A4F7556}") = "Authorisation", "Authorisation\Authorisation.csproj", "{998A9FFD-DBEC-4085-AD33-401090F5788E}"
EndProject
Project("{9A19103F-16F7-4668-BE54-9A1E7A4F7556}") = "Users_Data", "Users_Data\Users_Data.csproj", "{153D1A21-F694-447C-9059-A09706B95E05}"
EndProject
Project("{9A19103F-16F7-4668-BE54-9A1E7A4F7556}") = "Users_Repository", "Users_Repository\Users_Repository.csproj", "{4E8A097B-594C-48F6-937D-F52A2A00F5ED}"
EndProject
Project("{9A19103F-16F7-4668-BE54-9A1E7A4F7556}") = "Users_ApplicationService", "Users_ApplicationService\Users_ApplicationService.csproj", "{07AC5BA1-9616-480D-98EA-DFDA64F4018D}"
EndProject
Project("{9A19103F-16F7-4668-BE54-9A1E7A4F7556}") = "Users_API", "Users_API\Users_API.csproj", "{F1E8A699-E620-48FC-9716-3BE9F9E5A28F}"
EndProject
Project("{9A19103F-16F7-4668-BE54-9A1E7A4F7556}") = "Base", "Base\Base.csproj", "{7A9BC876-39DE-4044-8ED5-58299F438EF2}"
EndProject
Project("{9A19103F-16F7-4668-BE54-9A1E7A4F7556}") = "Freelance_Data", "Freelance_Data\Freelance_Data.csproj", "{0D2115D2-37BA-43E1-90FF-1B10521AEFE9}"
EndProject
Project("{9A19103F-16F7-4668-BE54-9A1E7A4F7556}") = "Freelance_Repository", "Freelance_Repository\Freelance_Repository.csproj", "{BA8BD30D-1C94-4CDC-AC61-827A86276F42}"
EndProject
Project("{9A19103F-16F7-4668-BE54-9A1E7A4F7556}") = "Freelance_ApplicationService", "Freelance_ApplicationService\Freelance_ApplicationService.csproj", "{02FA640C-0E5C-4E5E-A899-99ABCA432BA9}"
EndProject
Project("{9A19103F-16F7-4668-BE54-9A1E7A4F7556}") = "Freelance_API", "Freelance_API\Freelance_API.csproj", "{CAF973A4-C9B1-4ACB-9A2B-1E16FE2CD6D1}"
EndProject
Project("{2150E333-8FDC-42A3-9474-1A3956D46DE8}") = "AuthorisationServices", "AuthorisationServices", "{3EDA140D-A8EA-44B3-B17E-F9D1DFB19D79}"
EndProject
Project("{2150E333-8FDC-42A3-9474-1A3956D46DE8}") = "Admins", "Admins", "{35CC0D76-BF02-45F2-ACC7-84E8012E9984}"
EndProject
Project("{9A19103F-16F7-4668-BE54-9A1E7A4F7556}") = "Admins_Data", "Admins_Data\Admins_Data.csproj", "{D55C2114-E0AA-4860-A593-F583279F28B1}"
EndProject
Project("{9A19103F-16F7-4668-BE54-9A1E7A4F7556}") = "Admins_Repository", "Admins_Repository\Admins_Repository.csproj", "{F3E8B67B-0797-46C7-A40F-17B529FB54F3}"
EndProject
Project("{9A19103F-16F7-4668-BE54-9A1E7A4F7556}") = "Admins_ApplicationService", "Admins_ApplicationService\Admins_ApplicationService.csproj", "{AB42DDA2-A816-44B9-ADC8-44AD4B2A746D}"
EndProject
Project("{9A19103F-16F7-4668-BE54-9A1E7A4F7556}") = "Admins_API", "Admins_API\Admins_API.csproj", "{33D2089C-7972-4ECC-A291-27FBCDFB25AD}"
EndProject
Project("{9A19103F-16F7-4668-BE54-9A1E7A4F7556}") = "Administration_Panel", "Administration_Panel\Administration_Panel.csproj", "{62F61F7A-AC24-4D02-9198-759B865DEF79}"
EndProject
Project("{2150E333-8FDC-42A3-9474-1A3956D46DE8}") = "FileServer", "FileServer", "{18378B9F-B297-429E-86B4-202127D13741}"
EndProject
Project("{9A19103F-16F7-4668-BE54-9A1E7A4F7556}") = "FileServer_API", "FileServer_API\FileServer_API.csproj", "{99BC8EDA-E73D-4731-9A10-6A4206E72B4A}"
EndProject
Project("{FAE04EC0-301F-11D3-BF4B-00C04F79EFBC}") = "DBUP", "DBUP\DBUP.csproj", "{F95C8598-FAED-4551-B9C3-9D59EFC1B229}"
EndProject
Global
	GlobalSection(SolutionConfigurationPlatforms) = preSolution
		Debug|Any CPU = Debug|Any CPU
		Release|Any CPU = Release|Any CPU
	EndGlobalSection
	GlobalSection(ProjectConfigurationPlatforms) = postSolution
		{675615A2-1D9F-4314-A5C5-1E9BDA58A27E}.Debug|Any CPU.ActiveCfg = Debug|Any CPU
		{675615A2-1D9F-4314-A5C5-1E9BDA58A27E}.Debug|Any CPU.Build.0 = Debug|Any CPU
		{675615A2-1D9F-4314-A5C5-1E9BDA58A27E}.Release|Any CPU.ActiveCfg = Release|Any CPU
		{675615A2-1D9F-4314-A5C5-1E9BDA58A27E}.Release|Any CPU.Build.0 = Release|Any CPU
		{5F502769-CEB4-442B-8BB2-D0A4CE3FEBFC}.Debug|Any CPU.ActiveCfg = Debug|Any CPU
		{5F502769-CEB4-442B-8BB2-D0A4CE3FEBFC}.Debug|Any CPU.Build.0 = Debug|Any CPU
		{5F502769-CEB4-442B-8BB2-D0A4CE3FEBFC}.Release|Any CPU.ActiveCfg = Release|Any CPU
		{5F502769-CEB4-442B-8BB2-D0A4CE3FEBFC}.Release|Any CPU.Build.0 = Release|Any CPU
		{998A9FFD-DBEC-4085-AD33-401090F5788E}.Debug|Any CPU.ActiveCfg = Debug|Any CPU
		{998A9FFD-DBEC-4085-AD33-401090F5788E}.Debug|Any CPU.Build.0 = Debug|Any CPU
		{998A9FFD-DBEC-4085-AD33-401090F5788E}.Release|Any CPU.ActiveCfg = Release|Any CPU
		{998A9FFD-DBEC-4085-AD33-401090F5788E}.Release|Any CPU.Build.0 = Release|Any CPU
		{153D1A21-F694-447C-9059-A09706B95E05}.Debug|Any CPU.ActiveCfg = Debug|Any CPU
		{153D1A21-F694-447C-9059-A09706B95E05}.Debug|Any CPU.Build.0 = Debug|Any CPU
		{153D1A21-F694-447C-9059-A09706B95E05}.Release|Any CPU.ActiveCfg = Release|Any CPU
		{153D1A21-F694-447C-9059-A09706B95E05}.Release|Any CPU.Build.0 = Release|Any CPU
		{4E8A097B-594C-48F6-937D-F52A2A00F5ED}.Debug|Any CPU.ActiveCfg = Debug|Any CPU
		{4E8A097B-594C-48F6-937D-F52A2A00F5ED}.Debug|Any CPU.Build.0 = Debug|Any CPU
		{4E8A097B-594C-48F6-937D-F52A2A00F5ED}.Release|Any CPU.ActiveCfg = Release|Any CPU
		{4E8A097B-594C-48F6-937D-F52A2A00F5ED}.Release|Any CPU.Build.0 = Release|Any CPU
		{07AC5BA1-9616-480D-98EA-DFDA64F4018D}.Debug|Any CPU.ActiveCfg = Debug|Any CPU
		{07AC5BA1-9616-480D-98EA-DFDA64F4018D}.Debug|Any CPU.Build.0 = Debug|Any CPU
		{07AC5BA1-9616-480D-98EA-DFDA64F4018D}.Release|Any CPU.ActiveCfg = Release|Any CPU
		{07AC5BA1-9616-480D-98EA-DFDA64F4018D}.Release|Any CPU.Build.0 = Release|Any CPU
		{F1E8A699-E620-48FC-9716-3BE9F9E5A28F}.Debug|Any CPU.ActiveCfg = Debug|Any CPU
		{F1E8A699-E620-48FC-9716-3BE9F9E5A28F}.Debug|Any CPU.Build.0 = Debug|Any CPU
		{F1E8A699-E620-48FC-9716-3BE9F9E5A28F}.Release|Any CPU.ActiveCfg = Release|Any CPU
		{F1E8A699-E620-48FC-9716-3BE9F9E5A28F}.Release|Any CPU.Build.0 = Release|Any CPU
		{7A9BC876-39DE-4044-8ED5-58299F438EF2}.Debug|Any CPU.ActiveCfg = Debug|Any CPU
		{7A9BC876-39DE-4044-8ED5-58299F438EF2}.Debug|Any CPU.Build.0 = Debug|Any CPU
		{7A9BC876-39DE-4044-8ED5-58299F438EF2}.Release|Any CPU.ActiveCfg = Release|Any CPU
		{7A9BC876-39DE-4044-8ED5-58299F438EF2}.Release|Any CPU.Build.0 = Release|Any CPU
		{0D2115D2-37BA-43E1-90FF-1B10521AEFE9}.Debug|Any CPU.ActiveCfg = Debug|Any CPU
		{0D2115D2-37BA-43E1-90FF-1B10521AEFE9}.Debug|Any CPU.Build.0 = Debug|Any CPU
		{0D2115D2-37BA-43E1-90FF-1B10521AEFE9}.Release|Any CPU.ActiveCfg = Release|Any CPU
		{0D2115D2-37BA-43E1-90FF-1B10521AEFE9}.Release|Any CPU.Build.0 = Release|Any CPU
		{BA8BD30D-1C94-4CDC-AC61-827A86276F42}.Debug|Any CPU.ActiveCfg = Debug|Any CPU
		{BA8BD30D-1C94-4CDC-AC61-827A86276F42}.Debug|Any CPU.Build.0 = Debug|Any CPU
		{BA8BD30D-1C94-4CDC-AC61-827A86276F42}.Release|Any CPU.ActiveCfg = Release|Any CPU
		{BA8BD30D-1C94-4CDC-AC61-827A86276F42}.Release|Any CPU.Build.0 = Release|Any CPU
		{02FA640C-0E5C-4E5E-A899-99ABCA432BA9}.Debug|Any CPU.ActiveCfg = Debug|Any CPU
		{02FA640C-0E5C-4E5E-A899-99ABCA432BA9}.Debug|Any CPU.Build.0 = Debug|Any CPU
		{02FA640C-0E5C-4E5E-A899-99ABCA432BA9}.Release|Any CPU.ActiveCfg = Release|Any CPU
		{02FA640C-0E5C-4E5E-A899-99ABCA432BA9}.Release|Any CPU.Build.0 = Release|Any CPU
		{CAF973A4-C9B1-4ACB-9A2B-1E16FE2CD6D1}.Debug|Any CPU.ActiveCfg = Debug|Any CPU
		{CAF973A4-C9B1-4ACB-9A2B-1E16FE2CD6D1}.Debug|Any CPU.Build.0 = Debug|Any CPU
		{CAF973A4-C9B1-4ACB-9A2B-1E16FE2CD6D1}.Release|Any CPU.ActiveCfg = Release|Any CPU
		{CAF973A4-C9B1-4ACB-9A2B-1E16FE2CD6D1}.Release|Any CPU.Build.0 = Release|Any CPU
		{D55C2114-E0AA-4860-A593-F583279F28B1}.Debug|Any CPU.ActiveCfg = Debug|Any CPU
		{D55C2114-E0AA-4860-A593-F583279F28B1}.Debug|Any CPU.Build.0 = Debug|Any CPU
		{D55C2114-E0AA-4860-A593-F583279F28B1}.Release|Any CPU.ActiveCfg = Release|Any CPU
		{D55C2114-E0AA-4860-A593-F583279F28B1}.Release|Any CPU.Build.0 = Release|Any CPU
		{F3E8B67B-0797-46C7-A40F-17B529FB54F3}.Debug|Any CPU.ActiveCfg = Debug|Any CPU
		{F3E8B67B-0797-46C7-A40F-17B529FB54F3}.Debug|Any CPU.Build.0 = Debug|Any CPU
		{F3E8B67B-0797-46C7-A40F-17B529FB54F3}.Release|Any CPU.ActiveCfg = Release|Any CPU
		{F3E8B67B-0797-46C7-A40F-17B529FB54F3}.Release|Any CPU.Build.0 = Release|Any CPU
		{AB42DDA2-A816-44B9-ADC8-44AD4B2A746D}.Debug|Any CPU.ActiveCfg = Debug|Any CPU
		{AB42DDA2-A816-44B9-ADC8-44AD4B2A746D}.Debug|Any CPU.Build.0 = Debug|Any CPU
		{AB42DDA2-A816-44B9-ADC8-44AD4B2A746D}.Release|Any CPU.ActiveCfg = Release|Any CPU
		{AB42DDA2-A816-44B9-ADC8-44AD4B2A746D}.Release|Any CPU.Build.0 = Release|Any CPU
		{33D2089C-7972-4ECC-A291-27FBCDFB25AD}.Debug|Any CPU.ActiveCfg = Debug|Any CPU
		{33D2089C-7972-4ECC-A291-27FBCDFB25AD}.Debug|Any CPU.Build.0 = Debug|Any CPU
		{33D2089C-7972-4ECC-A291-27FBCDFB25AD}.Release|Any CPU.ActiveCfg = Release|Any CPU
		{33D2089C-7972-4ECC-A291-27FBCDFB25AD}.Release|Any CPU.Build.0 = Release|Any CPU
		{62F61F7A-AC24-4D02-9198-759B865DEF79}.Debug|Any CPU.ActiveCfg = Debug|Any CPU
		{62F61F7A-AC24-4D02-9198-759B865DEF79}.Debug|Any CPU.Build.0 = Debug|Any CPU
		{62F61F7A-AC24-4D02-9198-759B865DEF79}.Release|Any CPU.ActiveCfg = Release|Any CPU
		{62F61F7A-AC24-4D02-9198-759B865DEF79}.Release|Any CPU.Build.0 = Release|Any CPU
		{99BC8EDA-E73D-4731-9A10-6A4206E72B4A}.Debug|Any CPU.ActiveCfg = Debug|Any CPU
		{99BC8EDA-E73D-4731-9A10-6A4206E72B4A}.Debug|Any CPU.Build.0 = Debug|Any CPU
		{99BC8EDA-E73D-4731-9A10-6A4206E72B4A}.Release|Any CPU.ActiveCfg = Release|Any CPU
		{99BC8EDA-E73D-4731-9A10-6A4206E72B4A}.Release|Any CPU.Build.0 = Release|Any CPU
		{F95C8598-FAED-4551-B9C3-9D59EFC1B229}.Debug|Any CPU.ActiveCfg = Debug|Any CPU
		{F95C8598-FAED-4551-B9C3-9D59EFC1B229}.Debug|Any CPU.Build.0 = Debug|Any CPU
		{F95C8598-FAED-4551-B9C3-9D59EFC1B229}.Release|Any CPU.ActiveCfg = Release|Any CPU
		{F95C8598-FAED-4551-B9C3-9D59EFC1B229}.Release|Any CPU.Build.0 = Release|Any CPU
	EndGlobalSection
	GlobalSection(SolutionProperties) = preSolution
		HideSolutionNode = FALSE
	EndGlobalSection
	GlobalSection(NestedProjects) = preSolution
		{675615A2-1D9F-4314-A5C5-1E9BDA58A27E} = {D9415E7B-B18A-4770-BE71-581DAB6BF12D}
		{134BBFA0-19FF-4F31-8558-EB800C8AE03C} = {59CD6463-71DD-4D6D-9C19-628B63FF1670}
		{C1C7F0B7-7CB3-4C69-A4D9-33CB537DF9C5} = {59CD6463-71DD-4D6D-9C19-628B63FF1670}
		{4269C777-19FD-4D43-8526-2CDD23F3B346} = {59CD6463-71DD-4D6D-9C19-628B63FF1670}
		{1E97C57A-D5BA-44A8-9CA1-339DE691B1EB} = {59CD6463-71DD-4D6D-9C19-628B63FF1670}
		{B1FC5B6D-D8EE-428F-9E3C-FCB3D2C5745D} = {59CD6463-71DD-4D6D-9C19-628B63FF1670}
		{5F502769-CEB4-442B-8BB2-D0A4CE3FEBFC} = {B1FC5B6D-D8EE-428F-9E3C-FCB3D2C5745D}
		{998A9FFD-DBEC-4085-AD33-401090F5788E} = {3EDA140D-A8EA-44B3-B17E-F9D1DFB19D79}
		{153D1A21-F694-447C-9059-A09706B95E05} = {4269C777-19FD-4D43-8526-2CDD23F3B346}
		{4E8A097B-594C-48F6-937D-F52A2A00F5ED} = {4269C777-19FD-4D43-8526-2CDD23F3B346}
		{07AC5BA1-9616-480D-98EA-DFDA64F4018D} = {4269C777-19FD-4D43-8526-2CDD23F3B346}
		{F1E8A699-E620-48FC-9716-3BE9F9E5A28F} = {4269C777-19FD-4D43-8526-2CDD23F3B346}
		{7A9BC876-39DE-4044-8ED5-58299F438EF2} = {134BBFA0-19FF-4F31-8558-EB800C8AE03C}
		{0D2115D2-37BA-43E1-90FF-1B10521AEFE9} = {C1C7F0B7-7CB3-4C69-A4D9-33CB537DF9C5}
		{BA8BD30D-1C94-4CDC-AC61-827A86276F42} = {C1C7F0B7-7CB3-4C69-A4D9-33CB537DF9C5}
		{02FA640C-0E5C-4E5E-A899-99ABCA432BA9} = {C1C7F0B7-7CB3-4C69-A4D9-33CB537DF9C5}
		{CAF973A4-C9B1-4ACB-9A2B-1E16FE2CD6D1} = {C1C7F0B7-7CB3-4C69-A4D9-33CB537DF9C5}
		{3EDA140D-A8EA-44B3-B17E-F9D1DFB19D79} = {B1FC5B6D-D8EE-428F-9E3C-FCB3D2C5745D}
		{35CC0D76-BF02-45F2-ACC7-84E8012E9984} = {59CD6463-71DD-4D6D-9C19-628B63FF1670}
		{D55C2114-E0AA-4860-A593-F583279F28B1} = {35CC0D76-BF02-45F2-ACC7-84E8012E9984}
		{F3E8B67B-0797-46C7-A40F-17B529FB54F3} = {35CC0D76-BF02-45F2-ACC7-84E8012E9984}
		{AB42DDA2-A816-44B9-ADC8-44AD4B2A746D} = {35CC0D76-BF02-45F2-ACC7-84E8012E9984}
		{33D2089C-7972-4ECC-A291-27FBCDFB25AD} = {35CC0D76-BF02-45F2-ACC7-84E8012E9984}
		{62F61F7A-AC24-4D02-9198-759B865DEF79} = {D9415E7B-B18A-4770-BE71-581DAB6BF12D}
		{18378B9F-B297-429E-86B4-202127D13741} = {59CD6463-71DD-4D6D-9C19-628B63FF1670}
		{99BC8EDA-E73D-4731-9A10-6A4206E72B4A} = {18378B9F-B297-429E-86B4-202127D13741}
		{F95C8598-FAED-4551-B9C3-9D59EFC1B229} = {B1FC5B6D-D8EE-428F-9E3C-FCB3D2C5745D}
	EndGlobalSection
	GlobalSection(ExtensibilityGlobals) = postSolution
		SolutionGuid = {E21D57B7-1ED6-462C-8E2B-631E67553807}
	EndGlobalSection
EndGlobal
